// !$*UTF8*$!
{
	archiveVersion = 1;
	classes = {
	};
	objectVersion = 50;
	objects = {

/* Begin PBXBuildFile section */
		048BA7502189A0E80043FA51 /* AppDelegate.swift in Sources */ = {isa = PBXBuildFile; fileRef = 048BA74F2189A0E80043FA51 /* AppDelegate.swift */; };
		048BA7522189A0E80043FA51 /* MainViewController.swift in Sources */ = {isa = PBXBuildFile; fileRef = 048BA7512189A0E80043FA51 /* MainViewController.swift */; };
		048BA7552189A0E80043FA51 /* Main.storyboard in Resources */ = {isa = PBXBuildFile; fileRef = 048BA7532189A0E80043FA51 /* Main.storyboard */; };
		048BA7572189A0E90043FA51 /* Assets.xcassets in Resources */ = {isa = PBXBuildFile; fileRef = 048BA7562189A0E90043FA51 /* Assets.xcassets */; };
		048BA75A2189A0E90043FA51 /* LaunchScreen.storyboard in Resources */ = {isa = PBXBuildFile; fileRef = 048BA7582189A0E90043FA51 /* LaunchScreen.storyboard */; };
		048BA7682189A2300043FA51 /* Device.swift in Sources */ = {isa = PBXBuildFile; fileRef = 048BA7672189A2300043FA51 /* Device.swift */; };
		048BA76A2189A7B40043FA51 /* HomeViewController.swift in Sources */ = {isa = PBXBuildFile; fileRef = 048BA7692189A7B40043FA51 /* HomeViewController.swift */; };
		048BA76C2189A99C0043FA51 /* Home.storyboard in Resources */ = {isa = PBXBuildFile; fileRef = 048BA76B2189A99C0043FA51 /* Home.storyboard */; };
		048BA76F2189AAD50043FA51 /* DefaultButton.swift in Sources */ = {isa = PBXBuildFile; fileRef = 048BA76E2189AAD50043FA51 /* DefaultButton.swift */; };
/* End PBXBuildFile section */

/* Begin PBXFileReference section */
		048BA74C2189A0E80043FA51 /* RequestAccessSampler.app */ = {isa = PBXFileReference; explicitFileType = wrapper.application; includeInIndex = 0; path = RequestAccessSampler.app; sourceTree = BUILT_PRODUCTS_DIR; };
		048BA74F2189A0E80043FA51 /* AppDelegate.swift */ = {isa = PBXFileReference; lastKnownFileType = sourcecode.swift; path = AppDelegate.swift; sourceTree = "<group>"; };
		048BA7512189A0E80043FA51 /* MainViewController.swift */ = {isa = PBXFileReference; lastKnownFileType = sourcecode.swift; path = MainViewController.swift; sourceTree = "<group>"; };
		048BA7542189A0E80043FA51 /* Base */ = {isa = PBXFileReference; lastKnownFileType = file.storyboard; name = Base; path = Base.lproj/Main.storyboard; sourceTree = "<group>"; };
		048BA7562189A0E90043FA51 /* Assets.xcassets */ = {isa = PBXFileReference; lastKnownFileType = folder.assetcatalog; path = Assets.xcassets; sourceTree = "<group>"; };
		048BA7592189A0E90043FA51 /* Base */ = {isa = PBXFileReference; lastKnownFileType = file.storyboard; name = Base; path = Base.lproj/LaunchScreen.storyboard; sourceTree = "<group>"; };
		048BA75B2189A0E90043FA51 /* Info.plist */ = {isa = PBXFileReference; lastKnownFileType = text.plist.xml; path = Info.plist; sourceTree = "<group>"; };
		048BA7672189A2300043FA51 /* Device.swift */ = {isa = PBXFileReference; lastKnownFileType = sourcecode.swift; path = Device.swift; sourceTree = "<group>"; };
		048BA7692189A7B40043FA51 /* HomeViewController.swift */ = {isa = PBXFileReference; lastKnownFileType = sourcecode.swift; path = HomeViewController.swift; sourceTree = "<group>"; };
		048BA76B2189A99C0043FA51 /* Home.storyboard */ = {isa = PBXFileReference; lastKnownFileType = file.storyboard; path = Home.storyboard; sourceTree = "<group>"; };
		048BA76E2189AAD50043FA51 /* DefaultButton.swift */ = {isa = PBXFileReference; lastKnownFileType = sourcecode.swift; path = DefaultButton.swift; sourceTree = "<group>"; };
		048BA770218AC3D20043FA51 /* RequestAccessSampler.entitlements */ = {isa = PBXFileReference; lastKnownFileType = text.plist.entitlements; path = RequestAccessSampler.entitlements; sourceTree = "<group>"; };
/* End PBXFileReference section */

/* Begin PBXFrameworksBuildPhase section */
		048BA7492189A0E80043FA51 /* Frameworks */ = {
			isa = PBXFrameworksBuildPhase;
			buildActionMask = 2147483647;
			files = (
			);
			runOnlyForDeploymentPostprocessing = 0;
		};
/* End PBXFrameworksBuildPhase section */

/* Begin PBXGroup section */
		048BA7432189A0E80043FA51 = {
			isa = PBXGroup;
			children = (
				048BA74D2189A0E80043FA51 /* Products */,
				048BA74E2189A0E80043FA51 /* RequestAccessSampler */,
			);
			sourceTree = "<group>";
		};
		048BA74D2189A0E80043FA51 /* Products */ = {
			isa = PBXGroup;
			children = (
				048BA74C2189A0E80043FA51 /* RequestAccessSampler.app */,
			);
			name = Products;
			sourceTree = "<group>";
		};
		048BA74E2189A0E80043FA51 /* RequestAccessSampler */ = {
			isa = PBXGroup;
			children = (
				048BA7612189A1B10043FA51 /* Classes */,
				048BA74F2189A0E80043FA51 /* AppDelegate.swift */,
				048BA7562189A0E90043FA51 /* Assets.xcassets */,
				048BA75B2189A0E90043FA51 /* Info.plist */,
				048BA7582189A0E90043FA51 /* LaunchScreen.storyboard */,
				048BA770218AC3D20043FA51 /* RequestAccessSampler.entitlements */,
			);
			path = RequestAccessSampler;
			sourceTree = "<group>";
		};
		048BA7612189A1B10043FA51 /* Classes */ = {
			isa = PBXGroup;
			children = (
				048BA7622189A1B80043FA51 /* Controllers */,
				048BA7632189A1B80043FA51 /* Models */,
				048BA7642189A1C90043FA51 /* ViewModels */,
				048BA7652189A1D40043FA51 /* Views */,
			);
			path = Classes;
			sourceTree = "<group>";
		};
		048BA7622189A1B80043FA51 /* Controllers */ = {
			isa = PBXGroup;
			children = (
				048BA7692189A7B40043FA51 /* HomeViewController.swift */,
				048BA7512189A0E80043FA51 /* MainViewController.swift */,
			);
			path = Controllers;
			sourceTree = "<group>";
		};
		048BA7632189A1B80043FA51 /* Models */ = {
			isa = PBXGroup;
			children = (
				048BA7672189A2300043FA51 /* Device.swift */,
			);
			path = Models;
			sourceTree = "<group>";
		};
		048BA7642189A1C90043FA51 /* ViewModels */ = {
			isa = PBXGroup;
			children = (
				048BA76D2189AAA10043FA51 /* Utilities */,
			);
			path = ViewModels;
			sourceTree = "<group>";
		};
		048BA7652189A1D40043FA51 /* Views */ = {
			isa = PBXGroup;
			children = (
				048BA76B2189A99C0043FA51 /* Home.storyboard */,
				048BA7532189A0E80043FA51 /* Main.storyboard */,
			);
			path = Views;
			sourceTree = "<group>";
		};
		048BA76D2189AAA10043FA51 /* Utilities */ = {
			isa = PBXGroup;
			children = (
				048BA76E2189AAD50043FA51 /* DefaultButton.swift */,
			);
			path = Utilities;
			sourceTree = "<group>";
		};
/* End PBXGroup section */

/* Begin PBXNativeTarget section */
		048BA74B2189A0E80043FA51 /* RequestAccessSampler */ = {
			isa = PBXNativeTarget;
			buildConfigurationList = 048BA75E2189A0E90043FA51 /* Build configuration list for PBXNativeTarget "RequestAccessSampler" */;
			buildPhases = (
				048BA7482189A0E80043FA51 /* Sources */,
				048BA7492189A0E80043FA51 /* Frameworks */,
				048BA74A2189A0E80043FA51 /* Resources */,
			);
			buildRules = (
			);
			dependencies = (
			);
			name = RequestAccessSampler;
			productName = RequestAccessSampler;
			productReference = 048BA74C2189A0E80043FA51 /* RequestAccessSampler.app */;
			productType = "com.apple.product-type.application";
		};
/* End PBXNativeTarget section */

/* Begin PBXProject section */
		048BA7442189A0E80043FA51 /* Project object */ = {
			isa = PBXProject;
			attributes = {
				LastSwiftUpdateCheck = 1010;
				LastUpgradeCheck = 1010;
				ORGANIZATIONNAME = "伊井済史";
				TargetAttributes = {
					048BA74B2189A0E80043FA51 = {
						CreatedOnToolsVersion = 10.1;
						SystemCapabilities = {
							com.apple.Push = {
								enabled = 1;
							};
						};
					};
				};
			};
			buildConfigurationList = 048BA7472189A0E80043FA51 /* Build configuration list for PBXProject "RequestAccessSampler" */;
			compatibilityVersion = "Xcode 9.3";
			developmentRegion = en;
			hasScannedForEncodings = 0;
			knownRegions = (
				en,
				Base,
			);
			mainGroup = 048BA7432189A0E80043FA51;
			productRefGroup = 048BA74D2189A0E80043FA51 /* Products */;
			projectDirPath = "";
			projectRoot = "";
			targets = (
				048BA74B2189A0E80043FA51 /* RequestAccessSampler */,
			);
		};
/* End PBXProject section */

/* Begin PBXResourcesBuildPhase section */
		048BA74A2189A0E80043FA51 /* Resources */ = {
			isa = PBXResourcesBuildPhase;
			buildActionMask = 2147483647;
			files = (
				048BA75A2189A0E90043FA51 /* LaunchScreen.storyboard in Resources */,
				048BA7572189A0E90043FA51 /* Assets.xcassets in Resources */,
				048BA7552189A0E80043FA51 /* Main.storyboard in Resources */,
				048BA76C2189A99C0043FA51 /* Home.storyboard in Resources */,
			);
			runOnlyForDeploymentPostprocessing = 0;
		};
/* End PBXResourcesBuildPhase section */

/* Begin PBXSourcesBuildPhase section */
		048BA7482189A0E80043FA51 /* Sources */ = {
			isa = PBXSourcesBuildPhase;
			buildActionMask = 2147483647;
			files = (
				048BA76F2189AAD50043FA51 /* DefaultButton.swift in Sources */,
				048BA7682189A2300043FA51 /* Device.swift in Sources */,
				048BA7522189A0E80043FA51 /* MainViewController.swift in Sources */,
				048BA7502189A0E80043FA51 /* AppDelegate.swift in Sources */,
				048BA76A2189A7B40043FA51 /* HomeViewController.swift in Sources */,
			);
			runOnlyForDeploymentPostprocessing = 0;
		};
/* End PBXSourcesBuildPhase section */

/* Begin PBXVariantGroup section */
		048BA7532189A0E80043FA51 /* Main.storyboard */ = {
			isa = PBXVariantGroup;
			children = (
				048BA7542189A0E80043FA51 /* Base */,
			);
			name = Main.storyboard;
			path = .;
			sourceTree = "<group>";
		};
		048BA7582189A0E90043FA51 /* LaunchScreen.storyboard */ = {
			isa = PBXVariantGroup;
			children = (
				048BA7592189A0E90043FA51 /* Base */,
			);
			name = LaunchScreen.storyboard;
			path = .;
			sourceTree = "<group>";
		};
/* End PBXVariantGroup section */

/* Begin XCBuildConfiguration section */
		048BA75C2189A0E90043FA51 /* Debug */ = {
			isa = XCBuildConfiguration;
			buildSettings = {
				ALWAYS_SEARCH_USER_PATHS = NO;
				CLANG_ANALYZER_NONNULL = YES;
				CLANG_ANALYZER_NUMBER_OBJECT_CONVERSION = YES_AGGRESSIVE;
				CLANG_CXX_LANGUAGE_STANDARD = "gnu++14";
				CLANG_CXX_LIBRARY = "libc++";
				CLANG_ENABLE_MODULES = YES;
				CLANG_ENABLE_OBJC_ARC = YES;
				CLANG_ENABLE_OBJC_WEAK = YES;
				CLANG_WARN_BLOCK_CAPTURE_AUTORELEASING = YES;
				CLANG_WARN_BOOL_CONVERSION = YES;
				CLANG_WARN_COMMA = YES;
				CLANG_WARN_CONSTANT_CONVERSION = YES;
				CLANG_WARN_DEPRECATED_OBJC_IMPLEMENTATIONS = YES;
				CLANG_WARN_DIRECT_OBJC_ISA_USAGE = YES_ERROR;
				CLANG_WARN_DOCUMENTATION_COMMENTS = YES;
				CLANG_WARN_EMPTY_BODY = YES;
				CLANG_WARN_ENUM_CONVERSION = YES;
				CLANG_WARN_INFINITE_RECURSION = YES;
				CLANG_WARN_INT_CONVERSION = YES;
				CLANG_WARN_NON_LITERAL_NULL_CONVERSION = YES;
				CLANG_WARN_OBJC_IMPLICIT_RETAIN_SELF = YES;
				CLANG_WARN_OBJC_LITERAL_CONVERSION = YES;
				CLANG_WARN_OBJC_ROOT_CLASS = YES_ERROR;
				CLANG_WARN_RANGE_LOOP_ANALYSIS = YES;
				CLANG_WARN_STRICT_PROTOTYPES = YES;
				CLANG_WARN_SUSPICIOUS_MOVE = YES;
				CLANG_WARN_UNGUARDED_AVAILABILITY = YES_AGGRESSIVE;
				CLANG_WARN_UNREACHABLE_CODE = YES;
				CLANG_WARN__DUPLICATE_METHOD_MATCH = YES;
				CODE_SIGN_IDENTITY = "iPhone Developer";
				COPY_PHASE_STRIP = NO;
				DEBUG_INFORMATION_FORMAT = dwarf;
				ENABLE_STRICT_OBJC_MSGSEND = YES;
				ENABLE_TESTABILITY = YES;
				GCC_C_LANGUAGE_STANDARD = gnu11;
				GCC_DYNAMIC_NO_PIC = NO;
				GCC_NO_COMMON_BLOCKS = YES;
				GCC_OPTIMIZATION_LEVEL = 0;
				GCC_PREPROCESSOR_DEFINITIONS = (
					"DEBUG=1",
					"$(inherited)",
				);
				GCC_WARN_64_TO_32_BIT_CONVERSION = YES;
				GCC_WARN_ABOUT_RETURN_TYPE = YES_ERROR;
				GCC_WARN_UNDECLARED_SELECTOR = YES;
				GCC_WARN_UNINITIALIZED_AUTOS = YES_AGGRESSIVE;
				GCC_WARN_UNUSED_FUNCTION = YES;
				GCC_WARN_UNUSED_VARIABLE = YES;
				IPHONEOS_DEPLOYMENT_TARGET = 12.1;
				MTL_ENABLE_DEBUG_INFO = INCLUDE_SOURCE;
				MTL_FAST_MATH = YES;
				ONLY_ACTIVE_ARCH = YES;
				SDKROOT = iphoneos;
				SWIFT_ACTIVE_COMPILATION_CONDITIONS = DEBUG;
				SWIFT_OPTIMIZATION_LEVEL = "-Onone";
			};
			name = Debug;
		};
		048BA75D2189A0E90043FA51 /* Release */ = {
			isa = XCBuildConfiguration;
			buildSettings = {
				ALWAYS_SEARCH_USER_PATHS = NO;
				CLANG_ANALYZER_NONNULL = YES;
				CLANG_ANALYZER_NUMBER_OBJECT_CONVERSION = YES_AGGRESSIVE;
				CLANG_CXX_LANGUAGE_STANDARD = "gnu++14";
				CLANG_CXX_LIBRARY = "libc++";
				CLANG_ENABLE_MODULES = YES;
				CLANG_ENABLE_OBJC_ARC = YES;
				CLANG_ENABLE_OBJC_WEAK = YES;
				CLANG_WARN_BLOCK_CAPTURE_AUTORELEASING = YES;
				CLANG_WARN_BOOL_CONVERSION = YES;
				CLANG_WARN_COMMA = YES;
				CLANG_WARN_CONSTANT_CONVERSION = YES;
				CLANG_WARN_DEPRECATED_OBJC_IMPLEMENTATIONS = YES;
				CLANG_WARN_DIRECT_OBJC_ISA_USAGE = YES_ERROR;
				CLANG_WARN_DOCUMENTATION_COMMENTS = YES;
				CLANG_WARN_EMPTY_BODY = YES;
				CLANG_WARN_ENUM_CONVERSION = YES;
				CLANG_WARN_INFINITE_RECURSION = YES;
				CLANG_WARN_INT_CONVERSION = YES;
				CLANG_WARN_NON_LITERAL_NULL_CONVERSION = YES;
				CLANG_WARN_OBJC_IMPLICIT_RETAIN_SELF = YES;
				CLANG_WARN_OBJC_LITERAL_CONVERSION = YES;
				CLANG_WARN_OBJC_ROOT_CLASS = YES_ERROR;
				CLANG_WARN_RANGE_LOOP_ANALYSIS = YES;
				CLANG_WARN_STRICT_PROTOTYPES = YES;
				CLANG_WARN_SUSPICIOUS_MOVE = YES;
				CLANG_WARN_UNGUARDED_AVAILABILITY = YES_AGGRESSIVE;
				CLANG_WARN_UNREACHABLE_CODE = YES;
				CLANG_WARN__DUPLICATE_METHOD_MATCH = YES;
				CODE_SIGN_IDENTITY = "iPhone Developer";
				COPY_PHASE_STRIP = NO;
				DEBUG_INFORMATION_FORMAT = "dwarf-with-dsym";
				ENABLE_NS_ASSERTIONS = NO;
				ENABLE_STRICT_OBJC_MSGSEND = YES;
				GCC_C_LANGUAGE_STANDARD = gnu11;
				GCC_NO_COMMON_BLOCKS = YES;
				GCC_WARN_64_TO_32_BIT_CONVERSION = YES;
				GCC_WARN_ABOUT_RETURN_TYPE = YES_ERROR;
				GCC_WARN_UNDECLARED_SELECTOR = YES;
				GCC_WARN_UNINITIALIZED_AUTOS = YES_AGGRESSIVE;
				GCC_WARN_UNUSED_FUNCTION = YES;
				GCC_WARN_UNUSED_VARIABLE = YES;
				IPHONEOS_DEPLOYMENT_TARGET = 12.1;
				MTL_ENABLE_DEBUG_INFO = NO;
				MTL_FAST_MATH = YES;
				SDKROOT = iphoneos;
				SWIFT_COMPILATION_MODE = wholemodule;
				SWIFT_OPTIMIZATION_LEVEL = "-O";
				VALIDATE_PRODUCT = YES;
			};
			name = Release;
		};
		048BA75F2189A0E90043FA51 /* Debug */ = {
			isa = XCBuildConfiguration;
			buildSettings = {
				ASSETCATALOG_COMPILER_APPICON_NAME = AppIcon;
				CODE_SIGN_ENTITLEMENTS = RequestAccessSampler/RequestAccessSampler.entitlements;
				CODE_SIGN_STYLE = Manual;
				DEVELOPMENT_TEAM = T872TC8PM8;
				INFOPLIST_FILE = RequestAccessSampler/Info.plist;
				IPHONEOS_DEPLOYMENT_TARGET = 11.0;
				LD_RUNPATH_SEARCH_PATHS = (
					"$(inherited)",
					"@executable_path/Frameworks",
				);
				PRODUCT_BUNDLE_IDENTIFIER = com.psychedelicnekopunch.RequestAccessSampler;
				PRODUCT_NAME = "$(TARGET_NAME)";
				PROVISIONING_PROFILE_SPECIFIER = RequestAccessSampler;
				SWIFT_VERSION = 4.2;
				TARGETED_DEVICE_FAMILY = "1,2";
			};
			name = Debug;
		};
		048BA7602189A0E90043FA51 /* Release */ = {
			isa = XCBuildConfiguration;
			buildSettings = {
				ASSETCATALOG_COMPILER_APPICON_NAME = AppIcon;
				CODE_SIGN_ENTITLEMENTS = RequestAccessSampler/RequestAccessSampler.entitlements;
				CODE_SIGN_STYLE = Manual;
				DEVELOPMENT_TEAM = "";
				INFOPLIST_FILE = RequestAccessSampler/Info.plist;
				IPHONEOS_DEPLOYMENT_TARGET = 11.0;
				LD_RUNPATH_SEARCH_PATHS = (
					"$(inherited)",
					"@executable_path/Frameworks",
				);
				PRODUCT_BUNDLE_IDENTIFIER = com.psychedelicnekopunch.RequestAccessSampler;
				PRODUCT_NAME = "$(TARGET_NAME)";
				PROVISIONING_PROFILE_SPECIFIER = "";
				SWIFT_VERSION = 4.2;
				TARGETED_DEVICE_FAMILY = "1,2";
			};
			name = Release;
		};
/* End XCBuildConfiguration section */

/* Begin XCConfigurationList section */
		048BA7472189A0E80043FA51 /* Build configuration list for PBXProject "RequestAccessSampler" */ = {
			isa = XCConfigurationList;
			buildConfigurations = (
				048BA75C2189A0E90043FA51 /* Debug */,
				048BA75D2189A0E90043FA51 /* Release */,
			);
			defaultConfigurationIsVisible = 0;
			defaultConfigurationName = Release;
		};
		048BA75E2189A0E90043FA51 /* Build configuration list for PBXNativeTarget "RequestAccessSampler" */ = {
			isa = XCConfigurationList;
			buildConfigurations = (
				048BA75F2189A0E90043FA51 /* Debug */,
				048BA7602189A0E90043FA51 /* Release */,
			);
			defaultConfigurationIsVisible = 0;
			defaultConfigurationName = Release;
		};
/* End XCConfigurationList section */
	};
	rootObject = 048BA7442189A0E80043FA51 /* Project object */;
}
